// !$*UTF8*$!
{
	archiveVersion = 1;
	classes = {
	};
	objectVersion = 56;
	objects = {

/* Begin PBXBuildFile section */
		7C66EA382A5588DC00B9869B /* RememberMeApp.swift in Sources */ = {isa = PBXBuildFile; fileRef = 7C66EA372A5588DC00B9869B /* RememberMeApp.swift */; };
		7C66EA3A2A5588DC00B9869B /* ContentView.swift in Sources */ = {isa = PBXBuildFile; fileRef = 7C66EA392A5588DC00B9869B /* ContentView.swift */; };
		7C66EA3C2A5588DD00B9869B /* Assets.xcassets in Resources */ = {isa = PBXBuildFile; fileRef = 7C66EA3B2A5588DD00B9869B /* Assets.xcassets */; };
		7C66EA3F2A5588DD00B9869B /* Preview Assets.xcassets in Resources */ = {isa = PBXBuildFile; fileRef = 7C66EA3E2A5588DD00B9869B /* Preview Assets.xcassets */; };
		7C66EA462A558BBA00B9869B /* Person.swift in Sources */ = {isa = PBXBuildFile; fileRef = 7C66EA452A558BBA00B9869B /* Person.swift */; };
		7C66EA492A558C6600B9869B /* ImagePicker.swift in Sources */ = {isa = PBXBuildFile; fileRef = 7C66EA472A558C6600B9869B /* ImagePicker.swift */; };
		7C66EA4A2A558C6600B9869B /* ImageSaver.swift in Sources */ = {isa = PBXBuildFile; fileRef = 7C66EA482A558C6600B9869B /* ImageSaver.swift */; };
		7C66EA4D2A558D0400B9869B /* DetailsView.swift in Sources */ = {isa = PBXBuildFile; fileRef = 7C66EA4C2A558D0400B9869B /* DetailsView.swift */; };
		7C66EA4F2A5590A200B9869B /* ListView.swift in Sources */ = {isa = PBXBuildFile; fileRef = 7C66EA4E2A5590A200B9869B /* ListView.swift */; };
		7C66EA512A5594CF00B9869B /* PeopleModel.swift in Sources */ = {isa = PBXBuildFile; fileRef = 7C66EA502A5594CF00B9869B /* PeopleModel.swift */; };
		7C66EA532A55975400B9869B /* AddPersonView.swift in Sources */ = {isa = PBXBuildFile; fileRef = 7C66EA522A55975400B9869B /* AddPersonView.swift */; };
		7C66EA552A55A51500B9869B /* FileManager-DocumentDirectory.swift in Sources */ = {isa = PBXBuildFile; fileRef = 7C66EA542A55A51500B9869B /* FileManager-DocumentDirectory.swift */; };
/* End PBXBuildFile section */

/* Begin PBXFileReference section */
		7C66EA342A5588DC00B9869B /* RememberMe.app */ = {isa = PBXFileReference; explicitFileType = wrapper.application; includeInIndex = 0; path = RememberMe.app; sourceTree = BUILT_PRODUCTS_DIR; };
		7C66EA372A5588DC00B9869B /* RememberMeApp.swift */ = {isa = PBXFileReference; lastKnownFileType = sourcecode.swift; path = RememberMeApp.swift; sourceTree = "<group>"; };
		7C66EA392A5588DC00B9869B /* ContentView.swift */ = {isa = PBXFileReference; lastKnownFileType = sourcecode.swift; path = ContentView.swift; sourceTree = "<group>"; };
		7C66EA3B2A5588DD00B9869B /* Assets.xcassets */ = {isa = PBXFileReference; lastKnownFileType = folder.assetcatalog; path = Assets.xcassets; sourceTree = "<group>"; };
		7C66EA3E2A5588DD00B9869B /* Preview Assets.xcassets */ = {isa = PBXFileReference; lastKnownFileType = folder.assetcatalog; path = "Preview Assets.xcassets"; sourceTree = "<group>"; };
		7C66EA452A558BBA00B9869B /* Person.swift */ = {isa = PBXFileReference; lastKnownFileType = sourcecode.swift; path = Person.swift; sourceTree = "<group>"; };
		7C66EA472A558C6600B9869B /* ImagePicker.swift */ = {isa = PBXFileReference; fileEncoding = 4; lastKnownFileType = sourcecode.swift; path = ImagePicker.swift; sourceTree = "<group>"; };
		7C66EA482A558C6600B9869B /* ImageSaver.swift */ = {isa = PBXFileReference; fileEncoding = 4; lastKnownFileType = sourcecode.swift; path = ImageSaver.swift; sourceTree = "<group>"; };
		7C66EA4C2A558D0400B9869B /* DetailsView.swift */ = {isa = PBXFileReference; lastKnownFileType = sourcecode.swift; path = DetailsView.swift; sourceTree = "<group>"; };
		7C66EA4E2A5590A200B9869B /* ListView.swift */ = {isa = PBXFileReference; lastKnownFileType = sourcecode.swift; path = ListView.swift; sourceTree = "<group>"; };
		7C66EA502A5594CF00B9869B /* PeopleModel.swift */ = {isa = PBXFileReference; lastKnownFileType = sourcecode.swift; path = PeopleModel.swift; sourceTree = "<group>"; };
		7C66EA522A55975400B9869B /* AddPersonView.swift */ = {isa = PBXFileReference; lastKnownFileType = sourcecode.swift; path = AddPersonView.swift; sourceTree = "<group>"; };
		7C66EA542A55A51500B9869B /* FileManager-DocumentDirectory.swift */ = {isa = PBXFileReference; lastKnownFileType = sourcecode.swift; path = "FileManager-DocumentDirectory.swift"; sourceTree = "<group>"; };
/* End PBXFileReference section */

/* Begin PBXFrameworksBuildPhase section */
		7C66EA312A5588DC00B9869B /* Frameworks */ = {
			isa = PBXFrameworksBuildPhase;
			buildActionMask = 2147483647;
			files = (
			);
			runOnlyForDeploymentPostprocessing = 0;
		};
/* End PBXFrameworksBuildPhase section */

/* Begin PBXGroup section */
		7C66EA2B2A5588DC00B9869B = {
			isa = PBXGroup;
			children = (
				7C66EA362A5588DC00B9869B /* RememberMe */,
				7C66EA352A5588DC00B9869B /* Products */,
			);
			sourceTree = "<group>";
		};
		7C66EA352A5588DC00B9869B /* Products */ = {
			isa = PBXGroup;
			children = (
				7C66EA342A5588DC00B9869B /* RememberMe.app */,
			);
			name = Products;
			sourceTree = "<group>";
		};
		7C66EA362A5588DC00B9869B /* RememberMe */ = {
			isa = PBXGroup;
			children = (
				7C66EA372A5588DC00B9869B /* RememberMeApp.swift */,
				7C66EA472A558C6600B9869B /* ImagePicker.swift */,
				7C66EA482A558C6600B9869B /* ImageSaver.swift */,
				7C66EA542A55A51500B9869B /* FileManager-DocumentDirectory.swift */,
				7C66EA732A572AC900B9869B /* Models */,
				7C66EA722A572AA800B9869B /* ViewModels */,
				7C66EA4B2A558CDD00B9869B /* Views */,
				7C66EA3B2A5588DD00B9869B /* Assets.xcassets */,
				7C66EA3D2A5588DD00B9869B /* Preview Content */,
			);
			path = RememberMe;
			sourceTree = "<group>";
		};
		7C66EA3D2A5588DD00B9869B /* Preview Content */ = {
			isa = PBXGroup;
			children = (
				7C66EA3E2A5588DD00B9869B /* Preview Assets.xcassets */,
			);
			path = "Preview Content";
			sourceTree = "<group>";
		};
		7C66EA4B2A558CDD00B9869B /* Views */ = {
			isa = PBXGroup;
			children = (
				7C66EA392A5588DC00B9869B /* ContentView.swift */,
				7C66EA4C2A558D0400B9869B /* DetailsView.swift */,
				7C66EA522A55975400B9869B /* AddPersonView.swift */,
				7C66EA4E2A5590A200B9869B /* ListView.swift */,
			);
			path = Views;
			sourceTree = "<group>";
		};
		7C66EA722A572AA800B9869B /* ViewModels */ = {
			isa = PBXGroup;
			children = (
				7C66EA502A5594CF00B9869B /* PeopleModel.swift */,
			);
			path = ViewModels;
			sourceTree = "<group>";
		};
		7C66EA732A572AC900B9869B /* Models */ = {
			isa = PBXGroup;
			children = (
				7C66EA452A558BBA00B9869B /* Person.swift */,
			);
			path = Models;
			sourceTree = "<group>";
		};
/* End PBXGroup section */

/* Begin PBXNativeTarget section */
		7C66EA332A5588DC00B9869B /* RememberMe */ = {
			isa = PBXNativeTarget;
			buildConfigurationList = 7C66EA422A5588DD00B9869B /* Build configuration list for PBXNativeTarget "RememberMe" */;
			buildPhases = (
				7C66EA302A5588DC00B9869B /* Sources */,
				7C66EA312A5588DC00B9869B /* Frameworks */,
				7C66EA322A5588DC00B9869B /* Resources */,
			);
			buildRules = (
			);
			dependencies = (
			);
			name = RememberMe;
			productName = RememberMe;
			productReference = 7C66EA342A5588DC00B9869B /* RememberMe.app */;
			productType = "com.apple.product-type.application";
		};
/* End PBXNativeTarget section */

/* Begin PBXProject section */
		7C66EA2C2A5588DC00B9869B /* Project object */ = {
			isa = PBXProject;
			attributes = {
				BuildIndependentTargetsInParallel = 1;
				LastSwiftUpdateCheck = 1430;
				LastUpgradeCheck = 1430;
				TargetAttributes = {
					7C66EA332A5588DC00B9869B = {
						CreatedOnToolsVersion = 14.3.1;
					};
				};
			};
			buildConfigurationList = 7C66EA2F2A5588DC00B9869B /* Build configuration list for PBXProject "RememberMe" */;
			compatibilityVersion = "Xcode 14.0";
			developmentRegion = en;
			hasScannedForEncodings = 0;
			knownRegions = (
				en,
				Base,
			);
			mainGroup = 7C66EA2B2A5588DC00B9869B;
			productRefGroup = 7C66EA352A5588DC00B9869B /* Products */;
			projectDirPath = "";
			projectRoot = "";
			targets = (
				7C66EA332A5588DC00B9869B /* RememberMe */,
			);
		};
/* End PBXProject section */

/* Begin PBXResourcesBuildPhase section */
		7C66EA322A5588DC00B9869B /* Resources */ = {
			isa = PBXResourcesBuildPhase;
			buildActionMask = 2147483647;
			files = (
				7C66EA3F2A5588DD00B9869B /* Preview Assets.xcassets in Resources */,
				7C66EA3C2A5588DD00B9869B /* Assets.xcassets in Resources */,
			);
			runOnlyForDeploymentPostprocessing = 0;
		};
/* End PBXResourcesBuildPhase section */

/* Begin PBXSourcesBuildPhase section */
		7C66EA302A5588DC00B9869B /* Sources */ = {
			isa = PBXSourcesBuildPhase;
			buildActionMask = 2147483647;
			files = (
				7C66EA462A558BBA00B9869B /* Person.swift in Sources */,
				7C66EA492A558C6600B9869B /* ImagePicker.swift in Sources */,
				7C66EA552A55A51500B9869B /* FileManager-DocumentDirectory.swift in Sources */,
				7C66EA532A55975400B9869B /* AddPersonView.swift in Sources */,
				7C66EA512A5594CF00B9869B /* PeopleModel.swift in Sources */,
				7C66EA4A2A558C6600B9869B /* ImageSaver.swift in Sources */,
				7C66EA4F2A5590A200B9869B /* ListView.swift in Sources */,
				7C66EA3A2A5588DC00B9869B /* ContentView.swift in Sources */,
				7C66EA382A5588DC00B9869B /* RememberMeApp.swift in Sources */,
				7C66EA4D2A558D0400B9869B /* DetailsView.swift in Sources */,
			);
			runOnlyForDeploymentPostprocessing = 0;
		};
/* End PBXSourcesBuildPhase section */

/* Begin XCBuildConfiguration section */
		7C66EA402A5588DD00B9869B /* Debug */ = {
			isa = XCBuildConfiguration;
			buildSettings = {
				ALWAYS_SEARCH_USER_PATHS = NO;
				CLANG_ANALYZER_NONNULL = YES;
				CLANG_ANALYZER_NUMBER_OBJECT_CONVERSION = YES_AGGRESSIVE;
				CLANG_CXX_LANGUAGE_STANDARD = "gnu++20";
				CLANG_ENABLE_MODULES = YES;
				CLANG_ENABLE_OBJC_ARC = YES;
				CLANG_ENABLE_OBJC_WEAK = YES;
				CLANG_WARN_BLOCK_CAPTURE_AUTORELEASING = YES;
				CLANG_WARN_BOOL_CONVERSION = YES;
				CLANG_WARN_COMMA = YES;
				CLANG_WARN_CONSTANT_CONVERSION = YES;
				CLANG_WARN_DEPRECATED_OBJC_IMPLEMENTATIONS = YES;
				CLANG_WARN_DIRECT_OBJC_ISA_USAGE = YES_ERROR;
				CLANG_WARN_DOCUMENTATION_COMMENTS = YES;
				CLANG_WARN_EMPTY_BODY = YES;
				CLANG_WARN_ENUM_CONVERSION = YES;
				CLANG_WARN_INFINITE_RECURSION = YES;
				CLANG_WARN_INT_CONVERSION = YES;
				CLANG_WARN_NON_LITERAL_NULL_CONVERSION = YES;
				CLANG_WARN_OBJC_IMPLICIT_RETAIN_SELF = YES;
				CLANG_WARN_OBJC_LITERAL_CONVERSION = YES;
				CLANG_WARN_OBJC_ROOT_CLASS = YES_ERROR;
				CLANG_WARN_QUOTED_INCLUDE_IN_FRAMEWORK_HEADER = YES;
				CLANG_WARN_RANGE_LOOP_ANALYSIS = YES;
				CLANG_WARN_STRICT_PROTOTYPES = YES;
				CLANG_WARN_SUSPICIOUS_MOVE = YES;
				CLANG_WARN_UNGUARDED_AVAILABILITY = YES_AGGRESSIVE;
				CLANG_WARN_UNREACHABLE_CODE = YES;
				CLANG_WARN__DUPLICATE_METHOD_MATCH = YES;
				COPY_PHASE_STRIP = NO;
				DEBUG_INFORMATION_FORMAT = dwarf;
				ENABLE_STRICT_OBJC_MSGSEND = YES;
				ENABLE_TESTABILITY = YES;
				GCC_C_LANGUAGE_STANDARD = gnu11;
				GCC_DYNAMIC_NO_PIC = NO;
				GCC_NO_COMMON_BLOCKS = YES;
				GCC_OPTIMIZATION_LEVEL = 0;
				GCC_PREPROCESSOR_DEFINITIONS = (
					"DEBUG=1",
					"$(inherited)",
				);
				GCC_WARN_64_TO_32_BIT_CONVERSION = YES;
				GCC_WARN_ABOUT_RETURN_TYPE = YES_ERROR;
				GCC_WARN_UNDECLARED_SELECTOR = YES;
				GCC_WARN_UNINITIALIZED_AUTOS = YES_AGGRESSIVE;
				GCC_WARN_UNUSED_FUNCTION = YES;
				GCC_WARN_UNUSED_VARIABLE = YES;
				IPHONEOS_DEPLOYMENT_TARGET = 16.4;
				MTL_ENABLE_DEBUG_INFO = INCLUDE_SOURCE;
				MTL_FAST_MATH = YES;
				ONLY_ACTIVE_ARCH = YES;
				SDKROOT = iphoneos;
				SWIFT_ACTIVE_COMPILATION_CONDITIONS = DEBUG;
				SWIFT_OPTIMIZATION_LEVEL = "-Onone";
			};
			name = Debug;
		};
		7C66EA412A5588DD00B9869B /* Release */ = {
			isa = XCBuildConfiguration;
			buildSettings = {
				ALWAYS_SEARCH_USER_PATHS = NO;
				CLANG_ANALYZER_NONNULL = YES;
				CLANG_ANALYZER_NUMBER_OBJECT_CONVERSION = YES_AGGRESSIVE;
				CLANG_CXX_LANGUAGE_STANDARD = "gnu++20";
				CLANG_ENABLE_MODULES = YES;
				CLANG_ENABLE_OBJC_ARC = YES;
				CLANG_ENABLE_OBJC_WEAK = YES;
				CLANG_WARN_BLOCK_CAPTURE_AUTORELEASING = YES;
				CLANG_WARN_BOOL_CONVERSION = YES;
				CLANG_WARN_COMMA = YES;
				CLANG_WARN_CONSTANT_CONVERSION = YES;
				CLANG_WARN_DEPRECATED_OBJC_IMPLEMENTATIONS = YES;
				CLANG_WARN_DIRECT_OBJC_ISA_USAGE = YES_ERROR;
				CLANG_WARN_DOCUMENTATION_COMMENTS = YES;
				CLANG_WARN_EMPTY_BODY = YES;
				CLANG_WARN_ENUM_CONVERSION = YES;
				CLANG_WARN_INFINITE_RECURSION = YES;
				CLANG_WARN_INT_CONVERSION = YES;
				CLANG_WARN_NON_LITERAL_NULL_CONVERSION = YES;
				CLANG_WARN_OBJC_IMPLICIT_RETAIN_SELF = YES;
				CLANG_WARN_OBJC_LITERAL_CONVERSION = YES;
				CLANG_WARN_OBJC_ROOT_CLASS = YES_ERROR;
				CLANG_WARN_QUOTED_INCLUDE_IN_FRAMEWORK_HEADER = YES;
				CLANG_WARN_RANGE_LOOP_ANALYSIS = YES;
				CLANG_WARN_STRICT_PROTOTYPES = YES;
				CLANG_WARN_SUSPICIOUS_MOVE = YES;
				CLANG_WARN_UNGUARDED_AVAILABILITY = YES_AGGRESSIVE;
				CLANG_WARN_UNREACHABLE_CODE = YES;
				CLANG_WARN__DUPLICATE_METHOD_MATCH = YES;
				COPY_PHASE_STRIP = NO;
				DEBUG_INFORMATION_FORMAT = "dwarf-with-dsym";
				ENABLE_NS_ASSERTIONS = NO;
				ENABLE_STRICT_OBJC_MSGSEND = YES;
				GCC_C_LANGUAGE_STANDARD = gnu11;
				GCC_NO_COMMON_BLOCKS = YES;
				GCC_WARN_64_TO_32_BIT_CONVERSION = YES;
				GCC_WARN_ABOUT_RETURN_TYPE = YES_ERROR;
				GCC_WARN_UNDECLARED_SELECTOR = YES;
				GCC_WARN_UNINITIALIZED_AUTOS = YES_AGGRESSIVE;
				GCC_WARN_UNUSED_FUNCTION = YES;
				GCC_WARN_UNUSED_VARIABLE = YES;
				IPHONEOS_DEPLOYMENT_TARGET = 16.4;
				MTL_ENABLE_DEBUG_INFO = NO;
				MTL_FAST_MATH = YES;
				SDKROOT = iphoneos;
				SWIFT_COMPILATION_MODE = wholemodule;
				SWIFT_OPTIMIZATION_LEVEL = "-O";
				VALIDATE_PRODUCT = YES;
			};
			name = Release;
		};
		7C66EA432A5588DD00B9869B /* Debug */ = {
			isa = XCBuildConfiguration;
			buildSettings = {
				ASSETCATALOG_COMPILER_APPICON_NAME = AppIcon;
				ASSETCATALOG_COMPILER_GLOBAL_ACCENT_COLOR_NAME = AccentColor;
				CODE_SIGN_STYLE = Automatic;
				CURRENT_PROJECT_VERSION = 1;
				DEVELOPMENT_ASSET_PATHS = "\"RememberMe/Preview Content\"";
				DEVELOPMENT_TEAM = B534AW2NU4;
				ENABLE_PREVIEWS = YES;
				GENERATE_INFOPLIST_FILE = YES;
				INFOPLIST_KEY_UIApplicationSceneManifest_Generation = YES;
				INFOPLIST_KEY_UIApplicationSupportsIndirectInputEvents = YES;
				INFOPLIST_KEY_UILaunchScreen_Generation = YES;
				INFOPLIST_KEY_UISupportedInterfaceOrientations_iPad = "UIInterfaceOrientationPortrait UIInterfaceOrientationPortraitUpsideDown UIInterfaceOrientationLandscapeLeft UIInterfaceOrientationLandscapeRight";
				INFOPLIST_KEY_UISupportedInterfaceOrientations_iPhone = "UIInterfaceOrientationPortrait UIInterfaceOrientationLandscapeLeft UIInterfaceOrientationLandscapeRight";
				LD_RUNPATH_SEARCH_PATHS = (
					"$(inherited)",
					"@executable_path/Frameworks",
				);
				MARKETING_VERSION = 1.0;
				PRODUCT_BUNDLE_IDENTIFIER = io.github.tienbui1508.RememberMe;
				PRODUCT_NAME = "$(TARGET_NAME)";
				SWIFT_EMIT_LOC_STRINGS = YES;
				SWIFT_VERSION = 5.0;
				TARGETED_DEVICE_FAMILY = "1,2";
			};
			name = Debug;
		};
		7C66EA442A5588DD00B9869B /* Release */ = {
			isa = XCBuildConfiguration;
			buildSettings = {
				ASSETCATALOG_COMPILER_APPICON_NAME = AppIcon;
				ASSETCATALOG_COMPILER_GLOBAL_ACCENT_COLOR_NAME = AccentColor;
				CODE_SIGN_STYLE = Automatic;
				CURRENT_PROJECT_VERSION = 1;
				DEVELOPMENT_ASSET_PATHS = "\"RememberMe/Preview Content\"";
				DEVELOPMENT_TEAM = B534AW2NU4;
				ENABLE_PREVIEWS = YES;
				GENERATE_INFOPLIST_FILE = YES;
				INFOPLIST_KEY_UIApplicationSceneManifest_Generation = YES;
				INFOPLIST_KEY_UIApplicationSupportsIndirectInputEvents = YES;
				INFOPLIST_KEY_UILaunchScreen_Generation = YES;
				INFOPLIST_KEY_UISupportedInterfaceOrientations_iPad = "UIInterfaceOrientationPortrait UIInterfaceOrientationPortraitUpsideDown UIInterfaceOrientationLandscapeLeft UIInterfaceOrientationLandscapeRight";
				INFOPLIST_KEY_UISupportedInterfaceOrientations_iPhone = "UIInterfaceOrientationPortrait UIInterfaceOrientationLandscapeLeft UIInterfaceOrientationLandscapeRight";
				LD_RUNPATH_SEARCH_PATHS = (
					"$(inherited)",
					"@executable_path/Frameworks",
				);
				MARKETING_VERSION = 1.0;
				PRODUCT_BUNDLE_IDENTIFIER = io.github.tienbui1508.RememberMe;
				PRODUCT_NAME = "$(TARGET_NAME)";
				SWIFT_EMIT_LOC_STRINGS = YES;
				SWIFT_VERSION = 5.0;
				TARGETED_DEVICE_FAMILY = "1,2";
			};
			name = Release;
		};
/* End XCBuildConfiguration section */

/* Begin XCConfigurationList section */
		7C66EA2F2A5588DC00B9869B /* Build configuration list for PBXProject "RememberMe" */ = {
			isa = XCConfigurationList;
			buildConfigurations = (
				7C66EA402A5588DD00B9869B /* Debug */,
				7C66EA412A5588DD00B9869B /* Release */,
			);
			defaultConfigurationIsVisible = 0;
			defaultConfigurationName = Release;
		};
		7C66EA422A5588DD00B9869B /* Build configuration list for PBXNativeTarget "RememberMe" */ = {
			isa = XCConfigurationList;
			buildConfigurations = (
				7C66EA432A5588DD00B9869B /* Debug */,
				7C66EA442A5588DD00B9869B /* Release */,
			);
			defaultConfigurationIsVisible = 0;
			defaultConfigurationName = Release;
		};
/* End XCConfigurationList section */
	};
	rootObject = 7C66EA2C2A5588DC00B9869B /* Project object */;
}
